
Microsoft Visual Studio Solution File, Format Version 12.00
# Visual Studio 15
VisualStudioVersion = 15.0.28307.329
MinimumVisualStudioVersion = 10.0.40219.1
Project("{FAE04EC0-301F-11D3-BF4B-00C04F79EFBC}") = "BarberConnectProject", "BarberConnectProject\BarberConnectProject.csproj", "{68825C26-14BE-4C6A-91B6-EDA771258884}"
EndProject
Global
	GlobalSection(SolutionConfigurationPlatforms) = preSolution
		Debug|Any CPU = Debug|Any CPU
		Release|Any CPU = Release|Any CPU
	EndGlobalSection
	GlobalSection(ProjectConfigurationPlatforms) = postSolution
		{68825C26-14BE-4C6A-91B6-EDA771258884}.Debug|Any CPU.ActiveCfg = Debug|Any CPU
		{68825C26-14BE-4C6A-91B6-EDA771258884}.Debug|Any CPU.Build.0 = Debug|Any CPU
		{68825C26-14BE-4C6A-91B6-EDA771258884}.Release|Any CPU.ActiveCfg = Release|Any CPU
		{68825C26-14BE-4C6A-91B6-EDA771258884}.Release|Any CPU.Build.0 = Release|Any CPU
	EndGlobalSection
	GlobalSection(SolutionProperties) = preSolution
		HideSolutionNode = FALSE
	EndGlobalSection
	GlobalSection(ExtensibilityGlobals) = postSolution
		SolutionGuid = {23BCD356-3CF6-4386-91E1-66B7178404CF}
	EndGlobalSection
EndGlobal
